Microsoft Visual Studio Solution File, Format Version 11.00
# Visual Studio 2008

Project("{A0DC77EC-958D-A2FE-480F-E85D48C1FEA1}") = "InveRsePG", "Assembly-CSharp-firstpass.csproj", "{34BE6B30-2AE2-C0F3-9579-69A1D5F8B782}"
EndProject
Project("{A0DC77EC-958D-A2FE-480F-E85D48C1FEA1}") = "InveRsePG", "Assembly-CSharp.csproj", "{E60D4BC6-7A51-20D8-F007-1E4EFFF31624}"
EndProject
Project("{A0DC77EC-958D-A2FE-480F-E85D48C1FEA1}") = "InveRsePG", "Assembly-UnityScript-firstpass.unityproj", "{67C99440-DD14-44FB-75B1-C7AD113204FF}"
EndProject
Global
	GlobalSection(SolutionConfigurationPlatforms) = preSolution
		Debug|Any CPU = Debug|Any CPU
		Release|Any CPU = Release|Any CPU
	EndGlobalSection
	GlobalSection(ProjectConfigurationPlatforms) = postSolution
		{34BE6B30-2AE2-C0F3-9579-69A1D5F8B782}.Debug|Any CPU.ActiveCfg = Debug|Any CPU
		{34BE6B30-2AE2-C0F3-9579-69A1D5F8B782}.Debug|Any CPU.Build.0 = Debug|Any CPU
		{34BE6B30-2AE2-C0F3-9579-69A1D5F8B782}.Release|Any CPU.ActiveCfg = Release|Any CPU
		{34BE6B30-2AE2-C0F3-9579-69A1D5F8B782}.Release|Any CPU.Build.0 = Release|Any CPU
		{E60D4BC6-7A51-20D8-F007-1E4EFFF31624}.Debug|Any CPU.ActiveCfg = Debug|Any CPU
		{E60D4BC6-7A51-20D8-F007-1E4EFFF31624}.Debug|Any CPU.Build.0 = Debug|Any CPU
		{E60D4BC6-7A51-20D8-F007-1E4EFFF31624}.Release|Any CPU.ActiveCfg = Release|Any CPU
		{E60D4BC6-7A51-20D8-F007-1E4EFFF31624}.Release|Any CPU.Build.0 = Release|Any CPU
		{67C99440-DD14-44FB-75B1-C7AD113204FF}.Debug|Any CPU.ActiveCfg = Debug|Any CPU
		{67C99440-DD14-44FB-75B1-C7AD113204FF}.Debug|Any CPU.Build.0 = Debug|Any CPU
		{67C99440-DD14-44FB-75B1-C7AD113204FF}.Release|Any CPU.ActiveCfg = Release|Any CPU
		{67C99440-DD14-44FB-75B1-C7AD113204FF}.Release|Any CPU.Build.0 = Release|Any CPU
	EndGlobalSection
	GlobalSection(SolutionProperties) = preSolution
		HideSolutionNode = FALSE
	EndGlobalSection
	GlobalSection(MonoDevelopProperties) = preSolution
		StartupItem = Assembly-CSharp.csproj
		Policies = $0
		$0.TextStylePolicy = $1
		$1.inheritsSet = null
		$1.scope = text/x-csharp
		$0.CSharpFormattingPolicy = $2
		$2.inheritsSet = Mono
		$2.inheritsScope = text/x-csharp
		$2.scope = text/x-csharp
		$0.TextStylePolicy = $3
		$3.FileWidth = 120
		$3.TabWidth = 4
		$3.EolMarker = Unix
		$3.inheritsSet = Mono
		$3.inheritsScope = text/plain
		$3.scope = text/plain
	EndGlobalSection
EndGlobal
